// !$*UTF8*$!
{
	archiveVersion = 1;
	classes = {
	};
	objectVersion = 46;
	objects = {

/* Begin PBXBuildFile section */
		605A9EBA1DD719EA00B1740A /* ConnectionService.m in Sources */ = {isa = PBXBuildFile; fileRef = 605A9EB91DD719EA00B1740A /* ConnectionService.m */; };
		605A9EBB1DD719EA00B1740A /* ConnectionService.m in Sources */ = {isa = PBXBuildFile; fileRef = 605A9EB91DD719EA00B1740A /* ConnectionService.m */; };
		605A9EBD1DD71E1A00B1740A /* testConnectionService.m in Sources */ = {isa = PBXBuildFile; fileRef = 605A9EBC1DD71E1A00B1740A /* testConnectionService.m */; };
		605A9EC81DD747B800B1740A /* VacancyBuilder.m in Sources */ = {isa = PBXBuildFile; fileRef = 605A9EC71DD747B800B1740A /* VacancyBuilder.m */; };
		605A9EC91DD747B800B1740A /* VacancyBuilder.m in Sources */ = {isa = PBXBuildFile; fileRef = 605A9EC71DD747B800B1740A /* VacancyBuilder.m */; };
		605A9ECC1DD747DE00B1740A /* VacancyModel.m in Sources */ = {isa = PBXBuildFile; fileRef = 605A9ECB1DD747DE00B1740A /* VacancyModel.m */; };
		605A9ECD1DD747DE00B1740A /* VacancyModel.m in Sources */ = {isa = PBXBuildFile; fileRef = 605A9ECB1DD747DE00B1740A /* VacancyModel.m */; };
		605A9ECF1DD74CE000B1740A /* testVacancyBuilder.m in Sources */ = {isa = PBXBuildFile; fileRef = 605A9ECE1DD74CE000B1740A /* testVacancyBuilder.m */; };
		605A9ED21DD74DFA00B1740A /* testVacancies in Resources */ = {isa = PBXBuildFile; fileRef = 605A9ED11DD74DFA00B1740A /* testVacancies */; };
		605A9ED51DD7848300B1740A /* SuperJobService.m in Sources */ = {isa = PBXBuildFile; fileRef = 605A9ED41DD7848300B1740A /* SuperJobService.m */; };
		605A9ED61DD7848300B1740A /* SuperJobService.m in Sources */ = {isa = PBXBuildFile; fileRef = 605A9ED41DD7848300B1740A /* SuperJobService.m */; };
		605A9ED81DD787F300B1740A /* testSuperJobService.m in Sources */ = {isa = PBXBuildFile; fileRef = 605A9ED71DD787F300B1740A /* testSuperJobService.m */; };
		605A9EDA1DD7BE6F00B1740A /* errorResponse in Resources */ = {isa = PBXBuildFile; fileRef = 605A9ED91DD7BE6F00B1740A /* errorResponse */; };
		605A9EDB1DD7BE6F00B1740A /* errorResponse in Resources */ = {isa = PBXBuildFile; fileRef = 605A9ED91DD7BE6F00B1740A /* errorResponse */; };
		605A9F2E1DDA3D9600B1740A /* SearchVacancyModuleView.m in Sources */ = {isa = PBXBuildFile; fileRef = 605A9F2D1DDA3D9600B1740A /* SearchVacancyModuleView.m */; };
		605A9F2F1DDA3D9700B1740A /* SearchVacancyModuleView.m in Sources */ = {isa = PBXBuildFile; fileRef = 605A9F2D1DDA3D9600B1740A /* SearchVacancyModuleView.m */; };
		605A9F321DDA477400B1740A /* testSearchVacancyModuleView.m in Sources */ = {isa = PBXBuildFile; fileRef = 605A9F311DDA477400B1740A /* testSearchVacancyModuleView.m */; };
		605A9F351DDA513400B1740A /* SearchVacancyModulePresenter.m in Sources */ = {isa = PBXBuildFile; fileRef = 605A9F341DDA513400B1740A /* SearchVacancyModulePresenter.m */; };
		605A9F361DDA513400B1740A /* SearchVacancyModulePresenter.m in Sources */ = {isa = PBXBuildFile; fileRef = 605A9F341DDA513400B1740A /* SearchVacancyModulePresenter.m */; };
		605A9F381DDA534B00B1740A /* testSearchVacancyModulePresenter.m in Sources */ = {isa = PBXBuildFile; fileRef = 605A9F371DDA534B00B1740A /* testSearchVacancyModulePresenter.m */; };
		605A9F3B1DDA59D000B1740A /* SearchVacancyModuleInteractor.m in Sources */ = {isa = PBXBuildFile; fileRef = 605A9F3A1DDA59D000B1740A /* SearchVacancyModuleInteractor.m */; };
		605A9F3C1DDA59D000B1740A /* SearchVacancyModuleInteractor.m in Sources */ = {isa = PBXBuildFile; fileRef = 605A9F3A1DDA59D000B1740A /* SearchVacancyModuleInteractor.m */; };
		60EB78AA1DD70F630082775C /* main.m in Sources */ = {isa = PBXBuildFile; fileRef = 60EB78A91DD70F630082775C /* main.m */; };
		60EB78AD1DD70F630082775C /* AppDelegate.m in Sources */ = {isa = PBXBuildFile; fileRef = 60EB78AC1DD70F630082775C /* AppDelegate.m */; };
		60EB78B31DD70F630082775C /* Main.storyboard in Resources */ = {isa = PBXBuildFile; fileRef = 60EB78B11DD70F630082775C /* Main.storyboard */; };
		60EB78B61DD70F630082775C /* SmirnovSuperJobTest.xcdatamodeld in Sources */ = {isa = PBXBuildFile; fileRef = 60EB78B41DD70F630082775C /* SmirnovSuperJobTest.xcdatamodeld */; };
		60EB78B81DD70F630082775C /* Assets.xcassets in Resources */ = {isa = PBXBuildFile; fileRef = 60EB78B71DD70F630082775C /* Assets.xcassets */; };
		60EB78BB1DD70F630082775C /* LaunchScreen.storyboard in Resources */ = {isa = PBXBuildFile; fileRef = 60EB78B91DD70F630082775C /* LaunchScreen.storyboard */; };
/* End PBXBuildFile section */

/* Begin PBXContainerItemProxy section */
		60EB78C21DD70F630082775C /* PBXContainerItemProxy */ = {
			isa = PBXContainerItemProxy;
			containerPortal = 60EB789D1DD70F630082775C /* Project object */;
			proxyType = 1;
			remoteGlobalIDString = 60EB78A41DD70F630082775C;
			remoteInfo = SmirnovSuperJobTest;
		};
/* End PBXContainerItemProxy section */

/* Begin PBXFileReference section */
		605A9EB81DD719EA00B1740A /* ConnectionService.h */ = {isa = PBXFileReference; fileEncoding = 4; lastKnownFileType = sourcecode.c.h; name = ConnectionService.h; path = Classes/ConnectionService.h; sourceTree = "<group>"; };
		605A9EB91DD719EA00B1740A /* ConnectionService.m */ = {isa = PBXFileReference; fileEncoding = 4; lastKnownFileType = sourcecode.c.objc; name = ConnectionService.m; path = Classes/ConnectionService.m; sourceTree = "<group>"; };
		605A9EBC1DD71E1A00B1740A /* testConnectionService.m */ = {isa = PBXFileReference; fileEncoding = 4; lastKnownFileType = sourcecode.c.objc; path = testConnectionService.m; sourceTree = "<group>"; };
		605A9EC61DD747B800B1740A /* VacancyBuilder.h */ = {isa = PBXFileReference; fileEncoding = 4; lastKnownFileType = sourcecode.c.h; name = VacancyBuilder.h; path = Classes/VacancyBuilder.h; sourceTree = "<group>"; };
		605A9EC71DD747B800B1740A /* VacancyBuilder.m */ = {isa = PBXFileReference; fileEncoding = 4; lastKnownFileType = sourcecode.c.objc; name = VacancyBuilder.m; path = Classes/VacancyBuilder.m; sourceTree = "<group>"; };
		605A9ECA1DD747DE00B1740A /* VacancyModel.h */ = {isa = PBXFileReference; fileEncoding = 4; lastKnownFileType = sourcecode.c.h; name = VacancyModel.h; path = Classes/VacancyModel.h; sourceTree = "<group>"; };
		605A9ECB1DD747DE00B1740A /* VacancyModel.m */ = {isa = PBXFileReference; fileEncoding = 4; lastKnownFileType = sourcecode.c.objc; name = VacancyModel.m; path = Classes/VacancyModel.m; sourceTree = "<group>"; };
		605A9ECE1DD74CE000B1740A /* testVacancyBuilder.m */ = {isa = PBXFileReference; fileEncoding = 4; lastKnownFileType = sourcecode.c.objc; path = testVacancyBuilder.m; sourceTree = "<group>"; };
		605A9ED11DD74DFA00B1740A /* testVacancies */ = {isa = PBXFileReference; fileEncoding = 4; lastKnownFileType = text; path = testVacancies; sourceTree = "<group>"; };
		605A9ED31DD7848300B1740A /* SuperJobService.h */ = {isa = PBXFileReference; fileEncoding = 4; lastKnownFileType = sourcecode.c.h; name = SuperJobService.h; path = Classes/SuperJobService.h; sourceTree = "<group>"; };
		605A9ED41DD7848300B1740A /* SuperJobService.m */ = {isa = PBXFileReference; fileEncoding = 4; lastKnownFileType = sourcecode.c.objc; name = SuperJobService.m; path = Classes/SuperJobService.m; sourceTree = "<group>"; };
		605A9ED71DD787F300B1740A /* testSuperJobService.m */ = {isa = PBXFileReference; fileEncoding = 4; lastKnownFileType = sourcecode.c.objc; path = testSuperJobService.m; sourceTree = "<group>"; };
		605A9ED91DD7BE6F00B1740A /* errorResponse */ = {isa = PBXFileReference; fileEncoding = 4; lastKnownFileType = text; path = errorResponse; sourceTree = "<group>"; };
		605A9F2C1DDA3D9600B1740A /* SearchVacancyModuleView.h */ = {isa = PBXFileReference; fileEncoding = 4; lastKnownFileType = sourcecode.c.h; name = SearchVacancyModuleView.h; path = Classes/SearchVacancyModuleView.h; sourceTree = "<group>"; };
		605A9F2D1DDA3D9600B1740A /* SearchVacancyModuleView.m */ = {isa = PBXFileReference; fileEncoding = 4; lastKnownFileType = sourcecode.c.objc; name = SearchVacancyModuleView.m; path = Classes/SearchVacancyModuleView.m; sourceTree = "<group>"; };
		605A9F311DDA477400B1740A /* testSearchVacancyModuleView.m */ = {isa = PBXFileReference; fileEncoding = 4; lastKnownFileType = sourcecode.c.objc; path = testSearchVacancyModuleView.m; sourceTree = "<group>"; };
		605A9F331DDA513400B1740A /* SearchVacancyModulePresenter.h */ = {isa = PBXFileReference; fileEncoding = 4; lastKnownFileType = sourcecode.c.h; name = SearchVacancyModulePresenter.h; path = Classes/SearchVacancyModulePresenter.h; sourceTree = "<group>"; };
		605A9F341DDA513400B1740A /* SearchVacancyModulePresenter.m */ = {isa = PBXFileReference; fileEncoding = 4; lastKnownFileType = sourcecode.c.objc; name = SearchVacancyModulePresenter.m; path = Classes/SearchVacancyModulePresenter.m; sourceTree = "<group>"; };
		605A9F371DDA534B00B1740A /* testSearchVacancyModulePresenter.m */ = {isa = PBXFileReference; fileEncoding = 4; lastKnownFileType = sourcecode.c.objc; path = testSearchVacancyModulePresenter.m; sourceTree = "<group>"; };
		605A9F391DDA59D000B1740A /* SearchVacancyModuleInteractor.h */ = {isa = PBXFileReference; fileEncoding = 4; lastKnownFileType = sourcecode.c.h; name = SearchVacancyModuleInteractor.h; path = Classes/SearchVacancyModuleInteractor.h; sourceTree = "<group>"; };
		605A9F3A1DDA59D000B1740A /* SearchVacancyModuleInteractor.m */ = {isa = PBXFileReference; fileEncoding = 4; lastKnownFileType = sourcecode.c.objc; name = SearchVacancyModuleInteractor.m; path = Classes/SearchVacancyModuleInteractor.m; sourceTree = "<group>"; };
		60EB78A51DD70F630082775C /* SuperJob.app */ = {isa = PBXFileReference; explicitFileType = wrapper.application; includeInIndex = 0; path = SuperJob.app; sourceTree = BUILT_PRODUCTS_DIR; };
		60EB78A91DD70F630082775C /* main.m */ = {isa = PBXFileReference; lastKnownFileType = sourcecode.c.objc; path = main.m; sourceTree = "<group>"; };
		60EB78AB1DD70F630082775C /* AppDelegate.h */ = {isa = PBXFileReference; lastKnownFileType = sourcecode.c.h; path = AppDelegate.h; sourceTree = "<group>"; };
		60EB78AC1DD70F630082775C /* AppDelegate.m */ = {isa = PBXFileReference; lastKnownFileType = sourcecode.c.objc; path = AppDelegate.m; sourceTree = "<group>"; };
		60EB78B21DD70F630082775C /* Base */ = {isa = PBXFileReference; lastKnownFileType = file.storyboard; name = Base; path = Base.lproj/Main.storyboard; sourceTree = "<group>"; };
		60EB78B51DD70F630082775C /* SmirnovSuperJobTest.xcdatamodel */ = {isa = PBXFileReference; lastKnownFileType = wrapper.xcdatamodel; path = SmirnovSuperJobTest.xcdatamodel; sourceTree = "<group>"; };
		60EB78B71DD70F630082775C /* Assets.xcassets */ = {isa = PBXFileReference; lastKnownFileType = folder.assetcatalog; path = Assets.xcassets; sourceTree = "<group>"; };
		60EB78BA1DD70F630082775C /* Base */ = {isa = PBXFileReference; lastKnownFileType = file.storyboard; name = Base; path = Base.lproj/LaunchScreen.storyboard; sourceTree = "<group>"; };
		60EB78BC1DD70F630082775C /* Info.plist */ = {isa = PBXFileReference; lastKnownFileType = text.plist.xml; path = Info.plist; sourceTree = "<group>"; };
		60EB78C11DD70F630082775C /* SuperJobTests.xctest */ = {isa = PBXFileReference; explicitFileType = wrapper.cfbundle; includeInIndex = 0; path = SuperJobTests.xctest; sourceTree = BUILT_PRODUCTS_DIR; };
		60EB78C71DD70F630082775C /* Info.plist */ = {isa = PBXFileReference; lastKnownFileType = text.plist.xml; path = Info.plist; sourceTree = "<group>"; };
/* End PBXFileReference section */

/* Begin PBXFrameworksBuildPhase section */
		60EB78A21DD70F630082775C /* Frameworks */ = {
			isa = PBXFrameworksBuildPhase;
			buildActionMask = 2147483647;
			files = (
			);
			runOnlyForDeploymentPostprocessing = 0;
		};
		60EB78BE1DD70F630082775C /* Frameworks */ = {
			isa = PBXFrameworksBuildPhase;
			buildActionMask = 2147483647;
			files = (
			);
			runOnlyForDeploymentPostprocessing = 0;
		};
/* End PBXFrameworksBuildPhase section */

/* Begin PBXGroup section */
		605A9ED01DD74DFA00B1740A /* assets */ = {
			isa = PBXGroup;
			children = (
				605A9ED91DD7BE6F00B1740A /* errorResponse */,
				605A9ED11DD74DFA00B1740A /* testVacancies */,
			);
			path = assets;
			sourceTree = "<group>";
		};
		605A9F301DDA3DA200B1740A /* SearchVacancyModule */ = {
			isa = PBXGroup;
			children = (
				605A9F2C1DDA3D9600B1740A /* SearchVacancyModuleView.h */,
				605A9F2D1DDA3D9600B1740A /* SearchVacancyModuleView.m */,
				605A9F331DDA513400B1740A /* SearchVacancyModulePresenter.h */,
				605A9F341DDA513400B1740A /* SearchVacancyModulePresenter.m */,
				605A9F391DDA59D000B1740A /* SearchVacancyModuleInteractor.h */,
				605A9F3A1DDA59D000B1740A /* SearchVacancyModuleInteractor.m */,
			);
			name = SearchVacancyModule;
			sourceTree = "<group>";
		};
		60EB789C1DD70F630082775C = {
			isa = PBXGroup;
			children = (
				60EB78A71DD70F630082775C /* SuperJob */,
				60EB78C41DD70F630082775C /* SuperJobTests */,
				60EB78A61DD70F630082775C /* Products */,
			);
			sourceTree = "<group>";
		};
		60EB78A61DD70F630082775C /* Products */ = {
			isa = PBXGroup;
			children = (
				60EB78A51DD70F630082775C /* SuperJob.app */,
				60EB78C11DD70F630082775C /* SuperJobTests.xctest */,
			);
			name = Products;
			sourceTree = "<group>";
		};
		60EB78A71DD70F630082775C /* SuperJob */ = {
			isa = PBXGroup;
			children = (
				60EB78AB1DD70F630082775C /* AppDelegate.h */,
				60EB78AC1DD70F630082775C /* AppDelegate.m */,
				60EB78B11DD70F630082775C /* Main.storyboard */,
				60EB78B71DD70F630082775C /* Assets.xcassets */,
				60EB78B91DD70F630082775C /* LaunchScreen.storyboard */,
				60EB78BC1DD70F630082775C /* Info.plist */,
				60EB78B41DD70F630082775C /* SmirnovSuperJobTest.xcdatamodeld */,
				60EB78A81DD70F630082775C /* Supporting Files */,
				605A9EB81DD719EA00B1740A /* ConnectionService.h */,
				605A9EB91DD719EA00B1740A /* ConnectionService.m */,
				605A9ECA1DD747DE00B1740A /* VacancyModel.h */,
				605A9ECB1DD747DE00B1740A /* VacancyModel.m */,
				605A9EC61DD747B800B1740A /* VacancyBuilder.h */,
				605A9EC71DD747B800B1740A /* VacancyBuilder.m */,
				605A9ED31DD7848300B1740A /* SuperJobService.h */,
				605A9ED41DD7848300B1740A /* SuperJobService.m */,
				605A9F301DDA3DA200B1740A /* SearchVacancyModule */,
			);
			name = SuperJob;
			path = SmirnovSuperJobTest;
			sourceTree = "<group>";
		};
		60EB78A81DD70F630082775C /* Supporting Files */ = {
			isa = PBXGroup;
			children = (
				60EB78A91DD70F630082775C /* main.m */,
			);
			name = "Supporting Files";
			sourceTree = "<group>";
		};
		60EB78C41DD70F630082775C /* SuperJobTests */ = {
			isa = PBXGroup;
			children = (
				605A9F371DDA534B00B1740A /* testSearchVacancyModulePresenter.m */,
				605A9F311DDA477400B1740A /* testSearchVacancyModuleView.m */,
				605A9ED71DD787F300B1740A /* testSuperJobService.m */,
				605A9ED01DD74DFA00B1740A /* assets */,
				605A9EBC1DD71E1A00B1740A /* testConnectionService.m */,
				605A9ECE1DD74CE000B1740A /* testVacancyBuilder.m */,
				60EB78C71DD70F630082775C /* Info.plist */,
			);
			name = SuperJobTests;
			path = SmirnovSuperJobTestTests;
			sourceTree = "<group>";
		};
/* End PBXGroup section */

/* Begin PBXNativeTarget section */
		60EB78A41DD70F630082775C /* SuperJob */ = {
			isa = PBXNativeTarget;
			buildConfigurationList = 60EB78CA1DD70F630082775C /* Build configuration list for PBXNativeTarget "SuperJob" */;
			buildPhases = (
				60EB78A11DD70F630082775C /* Sources */,
				60EB78A21DD70F630082775C /* Frameworks */,
				60EB78A31DD70F630082775C /* Resources */,
			);
			buildRules = (
			);
			dependencies = (
			);
			name = SuperJob;
			productName = SmirnovSuperJobTest;
			productReference = 60EB78A51DD70F630082775C /* SuperJob.app */;
			productType = "com.apple.product-type.application";
		};
		60EB78C01DD70F630082775C /* SuperJobTests */ = {
			isa = PBXNativeTarget;
			buildConfigurationList = 60EB78CD1DD70F630082775C /* Build configuration list for PBXNativeTarget "SuperJobTests" */;
			buildPhases = (
				60EB78BD1DD70F630082775C /* Sources */,
				60EB78BE1DD70F630082775C /* Frameworks */,
				60EB78BF1DD70F630082775C /* Resources */,
			);
			buildRules = (
			);
			dependencies = (
				60EB78C31DD70F630082775C /* PBXTargetDependency */,
			);
			name = SuperJobTests;
			productName = SmirnovSuperJobTestTests;
			productReference = 60EB78C11DD70F630082775C /* SuperJobTests.xctest */;
			productType = "com.apple.product-type.bundle.unit-test";
		};
/* End PBXNativeTarget section */

/* Begin PBXProject section */
		60EB789D1DD70F630082775C /* Project object */ = {
			isa = PBXProject;
			attributes = {
				LastUpgradeCheck = 0800;
				ORGANIZATIONNAME = RomanS;
				TargetAttributes = {
					60EB78A41DD70F630082775C = {
						CreatedOnToolsVersion = 8.0;
						DevelopmentTeam = 6H2GQX47PU;
						ProvisioningStyle = Automatic;
					};
					60EB78C01DD70F630082775C = {
						CreatedOnToolsVersion = 8.0;
						DevelopmentTeam = 6H2GQX47PU;
						ProvisioningStyle = Automatic;
						TestTargetID = 60EB78A41DD70F630082775C;
					};
				};
			};
			buildConfigurationList = 60EB78A01DD70F630082775C /* Build configuration list for PBXProject "SuperJob" */;
			compatibilityVersion = "Xcode 3.2";
			developmentRegion = English;
			hasScannedForEncodings = 0;
			knownRegions = (
				en,
				Base,
			);
			mainGroup = 60EB789C1DD70F630082775C;
			productRefGroup = 60EB78A61DD70F630082775C /* Products */;
			projectDirPath = "";
			projectRoot = "";
			targets = (
				60EB78A41DD70F630082775C /* SuperJob */,
				60EB78C01DD70F630082775C /* SuperJobTests */,
			);
		};
/* End PBXProject section */

/* Begin PBXResourcesBuildPhase section */
		60EB78A31DD70F630082775C /* Resources */ = {
			isa = PBXResourcesBuildPhase;
			buildActionMask = 2147483647;
			files = (
				60EB78BB1DD70F630082775C /* LaunchScreen.storyboard in Resources */,
				60EB78B81DD70F630082775C /* Assets.xcassets in Resources */,
				605A9EDA1DD7BE6F00B1740A /* errorResponse in Resources */,
				60EB78B31DD70F630082775C /* Main.storyboard in Resources */,
			);
			runOnlyForDeploymentPostprocessing = 0;
		};
		60EB78BF1DD70F630082775C /* Resources */ = {
			isa = PBXResourcesBuildPhase;
			buildActionMask = 2147483647;
			files = (
				605A9EDB1DD7BE6F00B1740A /* errorResponse in Resources */,
				605A9ED21DD74DFA00B1740A /* testVacancies in Resources */,
			);
			runOnlyForDeploymentPostprocessing = 0;
		};
/* End PBXResourcesBuildPhase section */

/* Begin PBXSourcesBuildPhase section */
		60EB78A11DD70F630082775C /* Sources */ = {
			isa = PBXSourcesBuildPhase;
			buildActionMask = 2147483647;
			files = (
				605A9F351DDA513400B1740A /* SearchVacancyModulePresenter.m in Sources */,
				60EB78B61DD70F630082775C /* SmirnovSuperJobTest.xcdatamodeld in Sources */,
				605A9EC81DD747B800B1740A /* VacancyBuilder.m in Sources */,
				60EB78AD1DD70F630082775C /* AppDelegate.m in Sources */,
				60EB78AA1DD70F630082775C /* main.m in Sources */,
				605A9F2E1DDA3D9600B1740A /* SearchVacancyModuleView.m in Sources */,
				605A9EBA1DD719EA00B1740A /* ConnectionService.m in Sources */,
				605A9ECC1DD747DE00B1740A /* VacancyModel.m in Sources */,
				605A9ED51DD7848300B1740A /* SuperJobService.m in Sources */,
				605A9F3B1DDA59D000B1740A /* SearchVacancyModuleInteractor.m in Sources */,
			);
			runOnlyForDeploymentPostprocessing = 0;
		};
		60EB78BD1DD70F630082775C /* Sources */ = {
			isa = PBXSourcesBuildPhase;
			buildActionMask = 2147483647;
			files = (
				605A9F361DDA513400B1740A /* SearchVacancyModulePresenter.m in Sources */,
				605A9F2F1DDA3D9700B1740A /* SearchVacancyModuleView.m in Sources */,
				605A9F3C1DDA59D000B1740A /* SearchVacancyModuleInteractor.m in Sources */,
				605A9ECD1DD747DE00B1740A /* VacancyModel.m in Sources */,
				605A9ED61DD7848300B1740A /* SuperJobService.m in Sources */,
				605A9ED81DD787F300B1740A /* testSuperJobService.m in Sources */,
				605A9F321DDA477400B1740A /* testSearchVacancyModuleView.m in Sources */,
				605A9ECF1DD74CE000B1740A /* testVacancyBuilder.m in Sources */,
				605A9F381DDA534B00B1740A /* testSearchVacancyModulePresenter.m in Sources */,
				605A9EBD1DD71E1A00B1740A /* testConnectionService.m in Sources */,
				605A9EBB1DD719EA00B1740A /* ConnectionService.m in Sources */,
				605A9EC91DD747B800B1740A /* VacancyBuilder.m in Sources */,
			);
			runOnlyForDeploymentPostprocessing = 0;
		};
/* End PBXSourcesBuildPhase section */

/* Begin PBXTargetDependency section */
		60EB78C31DD70F630082775C /* PBXTargetDependency */ = {
			isa = PBXTargetDependency;
			target = 60EB78A41DD70F630082775C /* SuperJob */;
			targetProxy = 60EB78C21DD70F630082775C /* PBXContainerItemProxy */;
		};
/* End PBXTargetDependency section */

/* Begin PBXVariantGroup section */
		60EB78B11DD70F630082775C /* Main.storyboard */ = {
			isa = PBXVariantGroup;
			children = (
				60EB78B21DD70F630082775C /* Base */,
			);
			name = Main.storyboard;
			sourceTree = "<group>";
		};
		60EB78B91DD70F630082775C /* LaunchScreen.storyboard */ = {
			isa = PBXVariantGroup;
			children = (
				60EB78BA1DD70F630082775C /* Base */,
			);
			name = LaunchScreen.storyboard;
			sourceTree = "<group>";
		};
/* End PBXVariantGroup section */

/* Begin XCBuildConfiguration section */
		60EB78C81DD70F630082775C /* Debug */ = {
			isa = XCBuildConfiguration;
			buildSettings = {
				ALWAYS_SEARCH_USER_PATHS = NO;
				CLANG_ANALYZER_NONNULL = YES;
				CLANG_CXX_LANGUAGE_STANDARD = "gnu++0x";
				CLANG_CXX_LIBRARY = "libc++";
				CLANG_ENABLE_MODULES = YES;
				CLANG_ENABLE_OBJC_ARC = YES;
				CLANG_WARN_BOOL_CONVERSION = YES;
				CLANG_WARN_CONSTANT_CONVERSION = YES;
				CLANG_WARN_DIRECT_OBJC_ISA_USAGE = YES_ERROR;
				CLANG_WARN_DOCUMENTATION_COMMENTS = YES;
				CLANG_WARN_EMPTY_BODY = YES;
				CLANG_WARN_ENUM_CONVERSION = YES;
				CLANG_WARN_INFINITE_RECURSION = YES;
				CLANG_WARN_INT_CONVERSION = YES;
				CLANG_WARN_OBJC_ROOT_CLASS = YES_ERROR;
				CLANG_WARN_SUSPICIOUS_MOVES = YES;
				CLANG_WARN_UNREACHABLE_CODE = YES;
				CLANG_WARN__DUPLICATE_METHOD_MATCH = YES;
				"CODE_SIGN_IDENTITY[sdk=iphoneos*]" = "iPhone Developer";
				COPY_PHASE_STRIP = NO;
				DEBUG_INFORMATION_FORMAT = dwarf;
				ENABLE_STRICT_OBJC_MSGSEND = YES;
				ENABLE_TESTABILITY = YES;
				GCC_C_LANGUAGE_STANDARD = gnu99;
				GCC_DYNAMIC_NO_PIC = NO;
				GCC_NO_COMMON_BLOCKS = YES;
				GCC_OPTIMIZATION_LEVEL = 0;
				GCC_PREPROCESSOR_DEFINITIONS = (
					"DEBUG=1",
					"$(inherited)",
				);
				GCC_WARN_64_TO_32_BIT_CONVERSION = YES;
				GCC_WARN_ABOUT_RETURN_TYPE = YES_ERROR;
				GCC_WARN_UNDECLARED_SELECTOR = YES;
				GCC_WARN_UNINITIALIZED_AUTOS = YES_AGGRESSIVE;
				GCC_WARN_UNUSED_FUNCTION = YES;
				GCC_WARN_UNUSED_VARIABLE = YES;
				IPHONEOS_DEPLOYMENT_TARGET = 10.0;
				MTL_ENABLE_DEBUG_INFO = YES;
				ONLY_ACTIVE_ARCH = YES;
				SDKROOT = iphoneos;
				TARGETED_DEVICE_FAMILY = "1,2";
			};
			name = Debug;
		};
		60EB78C91DD70F630082775C /* Release */ = {
			isa = XCBuildConfiguration;
			buildSettings = {
				ALWAYS_SEARCH_USER_PATHS = NO;
				CLANG_ANALYZER_NONNULL = YES;
				CLANG_CXX_LANGUAGE_STANDARD = "gnu++0x";
				CLANG_CXX_LIBRARY = "libc++";
				CLANG_ENABLE_MODULES = YES;
				CLANG_ENABLE_OBJC_ARC = YES;
				CLANG_WARN_BOOL_CONVERSION = YES;
				CLANG_WARN_CONSTANT_CONVERSION = YES;
				CLANG_WARN_DIRECT_OBJC_ISA_USAGE = YES_ERROR;
				CLANG_WARN_DOCUMENTATION_COMMENTS = YES;
				CLANG_WARN_EMPTY_BODY = YES;
				CLANG_WARN_ENUM_CONVERSION = YES;
				CLANG_WARN_INFINITE_RECURSION = YES;
				CLANG_WARN_INT_CONVERSION = YES;
				CLANG_WARN_OBJC_ROOT_CLASS = YES_ERROR;
				CLANG_WARN_SUSPICIOUS_MOVES = YES;
				CLANG_WARN_UNREACHABLE_CODE = YES;
				CLANG_WARN__DUPLICATE_METHOD_MATCH = YES;
				"CODE_SIGN_IDENTITY[sdk=iphoneos*]" = "iPhone Developer";
				COPY_PHASE_STRIP = NO;
				DEBUG_INFORMATION_FORMAT = "dwarf-with-dsym";
				ENABLE_NS_ASSERTIONS = NO;
				ENABLE_STRICT_OBJC_MSGSEND = YES;
				GCC_C_LANGUAGE_STANDARD = gnu99;
				GCC_NO_COMMON_BLOCKS = YES;
				GCC_WARN_64_TO_32_BIT_CONVERSION = YES;
				GCC_WARN_ABOUT_RETURN_TYPE = YES_ERROR;
				GCC_WARN_UNDECLARED_SELECTOR = YES;
				GCC_WARN_UNINITIALIZED_AUTOS = YES_AGGRESSIVE;
				GCC_WARN_UNUSED_FUNCTION = YES;
				GCC_WARN_UNUSED_VARIABLE = YES;
				IPHONEOS_DEPLOYMENT_TARGET = 10.0;
				MTL_ENABLE_DEBUG_INFO = NO;
				SDKROOT = iphoneos;
				TARGETED_DEVICE_FAMILY = "1,2";
				VALIDATE_PRODUCT = YES;
			};
			name = Release;
		};
		60EB78CB1DD70F630082775C /* Debug */ = {
			isa = XCBuildConfiguration;
			buildSettings = {
				ASSETCATALOG_COMPILER_APPICON_NAME = AppIcon;
				DEVELOPMENT_TEAM = 6H2GQX47PU;
				INFOPLIST_FILE = SmirnovSuperJobTest/Info.plist;
				LD_RUNPATH_SEARCH_PATHS = "$(inherited) @executable_path/Frameworks";
				PRODUCT_BUNDLE_IDENTIFIER = superjob.test.SuperJob;
				PRODUCT_NAME = "$(TARGET_NAME)";
			};
			name = Debug;
		};
		60EB78CC1DD70F630082775C /* Release */ = {
			isa = XCBuildConfiguration;
			buildSettings = {
				ASSETCATALOG_COMPILER_APPICON_NAME = AppIcon;
				DEVELOPMENT_TEAM = 6H2GQX47PU;
				INFOPLIST_FILE = SmirnovSuperJobTest/Info.plist;
				LD_RUNPATH_SEARCH_PATHS = "$(inherited) @executable_path/Frameworks";
				PRODUCT_BUNDLE_IDENTIFIER = superjob.test.SuperJob;
				PRODUCT_NAME = "$(TARGET_NAME)";
			};
			name = Release;
		};
		60EB78CE1DD70F630082775C /* Debug */ = {
			isa = XCBuildConfiguration;
			buildSettings = {
				BUNDLE_LOADER = "$(TEST_HOST)";
				DEVELOPMENT_TEAM = 6H2GQX47PU;
				INFOPLIST_FILE = SmirnovSuperJobTestTests/Info.plist;
				LD_RUNPATH_SEARCH_PATHS = "$(inherited) @executable_path/Frameworks @loader_path/Frameworks";
				PRODUCT_BUNDLE_IDENTIFIER = superjob.test.SmirnovSuperJobTestTests;
				PRODUCT_NAME = "$(TARGET_NAME)";
				TEST_HOST = "$(BUILT_PRODUCTS_DIR)/SuperJob.app/SuperJob";
			};
			name = Debug;
		};
		60EB78CF1DD70F630082775C /* Release */ = {
			isa = XCBuildConfiguration;
			buildSettings = {
				BUNDLE_LOADER = "$(TEST_HOST)";
				DEVELOPMENT_TEAM = 6H2GQX47PU;
				INFOPLIST_FILE = SmirnovSuperJobTestTests/Info.plist;
				LD_RUNPATH_SEARCH_PATHS = "$(inherited) @executable_path/Frameworks @loader_path/Frameworks";
				PRODUCT_BUNDLE_IDENTIFIER = superjob.test.SmirnovSuperJobTestTests;
				PRODUCT_NAME = "$(TARGET_NAME)";
				TEST_HOST = "$(BUILT_PRODUCTS_DIR)/SuperJob.app/SuperJob";
			};
			name = Release;
		};
/* End XCBuildConfiguration section */

/* Begin XCConfigurationList section */
		60EB78A01DD70F630082775C /* Build configuration list for PBXProject "SuperJob" */ = {
			isa = XCConfigurationList;
			buildConfigurations = (
				60EB78C81DD70F630082775C /* Debug */,
				60EB78C91DD70F630082775C /* Release */,
			);
			defaultConfigurationIsVisible = 0;
			defaultConfigurationName = Release;
		};
		60EB78CA1DD70F630082775C /* Build configuration list for PBXNativeTarget "SuperJob" */ = {
			isa = XCConfigurationList;
			buildConfigurations = (
				60EB78CB1DD70F630082775C /* Debug */,
				60EB78CC1DD70F630082775C /* Release */,
			);
			defaultConfigurationIsVisible = 0;
			defaultConfigurationName = Release;
		};
		60EB78CD1DD70F630082775C /* Build configuration list for PBXNativeTarget "SuperJobTests" */ = {
			isa = XCConfigurationList;
			buildConfigurations = (
				60EB78CE1DD70F630082775C /* Debug */,
				60EB78CF1DD70F630082775C /* Release */,
			);
			defaultConfigurationIsVisible = 0;
			defaultConfigurationName = Release;
		};
/* End XCConfigurationList section */

/* Begin XCVersionGroup section */
		60EB78B41DD70F630082775C /* SmirnovSuperJobTest.xcdatamodeld */ = {
			isa = XCVersionGroup;
			children = (
				60EB78B51DD70F630082775C /* SmirnovSuperJobTest.xcdatamodel */,
			);
			currentVersion = 60EB78B51DD70F630082775C /* SmirnovSuperJobTest.xcdatamodel */;
			path = SmirnovSuperJobTest.xcdatamodeld;
			sourceTree = "<group>";
			versionGroupType = wrapper.xcdatamodel;
		};
/* End XCVersionGroup section */
	};
	rootObject = 60EB789D1DD70F630082775C /* Project object */;
}
