// !$*UTF8*$!
{
	archiveVersion = 1;
	classes = {
	};
	objectVersion = 46;
	objects = {

/* Begin PBXBuildFile section */
		60286E951DE0A9FA000C6438 /* testShowVacanciesModuleAssembler.m in Sources */ = {isa = PBXBuildFile; fileRef = 60286E941DE0A9FA000C6438 /* testShowVacanciesModuleAssembler.m */; };
		60286E971DE0B100000C6438 /* testShowVacanciesModuleView.m in Sources */ = {isa = PBXBuildFile; fileRef = 60286E961DE0B100000C6438 /* testShowVacanciesModuleView.m */; };
		60286E9B1DE0B769000C6438 /* ShowVacanciesPageSubmoduleView.m in Sources */ = {isa = PBXBuildFile; fileRef = 60286E9A1DE0B768000C6438 /* ShowVacanciesPageSubmoduleView.m */; };
		60286E9F1DE0B794000C6438 /* ShowVacanciesPageSubmodulePresenter.m in Sources */ = {isa = PBXBuildFile; fileRef = 60286E9E1DE0B794000C6438 /* ShowVacanciesPageSubmodulePresenter.m */; };
		60286EA21DE0B7AC000C6438 /* ShowVacanciesPageSubmoduleInteractor.m in Sources */ = {isa = PBXBuildFile; fileRef = 60286EA11DE0B7AC000C6438 /* ShowVacanciesPageSubmoduleInteractor.m */; };
		60286EA51DE0B7BF000C6438 /* ShowVacanciesPageSubmoduleRouter.m in Sources */ = {isa = PBXBuildFile; fileRef = 60286EA41DE0B7BF000C6438 /* ShowVacanciesPageSubmoduleRouter.m */; };
		60286EA81DE0B7CF000C6438 /* ShowVacanciesPageSubmoduleAssembler.m in Sources */ = {isa = PBXBuildFile; fileRef = 60286EA71DE0B7CF000C6438 /* ShowVacanciesPageSubmoduleAssembler.m */; };
		60286EAA1DE0BB71000C6438 /* testShowVacanciesPageSubmoduleAssembler.m in Sources */ = {isa = PBXBuildFile; fileRef = 60286EA91DE0BB71000C6438 /* testShowVacanciesPageSubmoduleAssembler.m */; };
		60286EAC1DE0CFDF000C6438 /* testShowVacanciesPageSubmoduleView.m in Sources */ = {isa = PBXBuildFile; fileRef = 60286EAB1DE0CFDF000C6438 /* testShowVacanciesPageSubmoduleView.m */; };
		60286EAF1DE0D7D6000C6438 /* ShowVacanciesPageSubmoduleViewTableMaster.m in Sources */ = {isa = PBXBuildFile; fileRef = 60286EAE1DE0D7D6000C6438 /* ShowVacanciesPageSubmoduleViewTableMaster.m */; };
		60286EB31DE0DDA3000C6438 /* ShowVacanciesPageSubmoduleViewVacancyCell.m in Sources */ = {isa = PBXBuildFile; fileRef = 60286EB21DE0DDA3000C6438 /* ShowVacanciesPageSubmoduleViewVacancyCell.m */; };
		60286EB81DE0E85A000C6438 /* VacancyModel.m in Sources */ = {isa = PBXBuildFile; fileRef = 605A9ECB1DD747DE00B1740A /* VacancyModel.m */; };
		60286EBA1DE2FE09000C6438 /* testShowVacanciesPageSubmoduleInteractor.m in Sources */ = {isa = PBXBuildFile; fileRef = 60286EB91DE2FE09000C6438 /* testShowVacanciesPageSubmoduleInteractor.m */; };
		60286EBC1DE307C5000C6438 /* testShowVacanciesPageSubmodulePresenter.m in Sources */ = {isa = PBXBuildFile; fileRef = 60286EBB1DE307C5000C6438 /* testShowVacanciesPageSubmodulePresenter.m */; };
		60286EBE1DE3413D000C6438 /* testShowVacanciesModulePresenter.m in Sources */ = {isa = PBXBuildFile; fileRef = 60286EBD1DE3413D000C6438 /* testShowVacanciesModulePresenter.m */; };
		60286EC71DE57FFA000C6438 /* testShowVacanciesPageSubmoduleViewTableMaster.m in Sources */ = {isa = PBXBuildFile; fileRef = 60286EC61DE57FF9000C6438 /* testShowVacanciesPageSubmoduleViewTableMaster.m */; };
		60286EC91DE5AA54000C6438 /* testSearchVacancyModuleRouter.m in Sources */ = {isa = PBXBuildFile; fileRef = 60286EC81DE5AA54000C6438 /* testSearchVacancyModuleRouter.m */; };
		60286ECD1DE5ACBA000C6438 /* testShowVacanciesPageSubmoduleRouter.m in Sources */ = {isa = PBXBuildFile; fileRef = 60286ECC1DE5ACBA000C6438 /* testShowVacanciesPageSubmoduleRouter.m */; };
		605A9EBA1DD719EA00B1740A /* SessionService.m in Sources */ = {isa = PBXBuildFile; fileRef = 605A9EB91DD719EA00B1740A /* SessionService.m */; };
		605A9EBD1DD71E1A00B1740A /* testConnectionService.m in Sources */ = {isa = PBXBuildFile; fileRef = 605A9EBC1DD71E1A00B1740A /* testConnectionService.m */; };
		605A9EC81DD747B800B1740A /* VacancyBuilder.m in Sources */ = {isa = PBXBuildFile; fileRef = 605A9EC71DD747B800B1740A /* VacancyBuilder.m */; };
		605A9ECF1DD74CE000B1740A /* testVacancyBuilder.m in Sources */ = {isa = PBXBuildFile; fileRef = 605A9ECE1DD74CE000B1740A /* testVacancyBuilder.m */; };
		605A9ED21DD74DFA00B1740A /* testVacancies in Resources */ = {isa = PBXBuildFile; fileRef = 605A9ED11DD74DFA00B1740A /* testVacancies */; };
		605A9ED51DD7848300B1740A /* SuperJobService.m in Sources */ = {isa = PBXBuildFile; fileRef = 605A9ED41DD7848300B1740A /* SuperJobService.m */; };
		605A9ED81DD787F300B1740A /* testSuperJobService.m in Sources */ = {isa = PBXBuildFile; fileRef = 605A9ED71DD787F300B1740A /* testSuperJobService.m */; };
		605A9EDB1DD7BE6F00B1740A /* errorResponse in Resources */ = {isa = PBXBuildFile; fileRef = 605A9ED91DD7BE6F00B1740A /* errorResponse */; };
		605A9F2E1DDA3D9600B1740A /* SearchVacancyModuleView.m in Sources */ = {isa = PBXBuildFile; fileRef = 605A9F2D1DDA3D9600B1740A /* SearchVacancyModuleView.m */; };
		605A9F321DDA477400B1740A /* testSearchVacancyModuleView.m in Sources */ = {isa = PBXBuildFile; fileRef = 605A9F311DDA477400B1740A /* testSearchVacancyModuleView.m */; };
		605A9F351DDA513400B1740A /* SearchVacancyModulePresenter.m in Sources */ = {isa = PBXBuildFile; fileRef = 605A9F341DDA513400B1740A /* SearchVacancyModulePresenter.m */; };
		605A9F381DDA534B00B1740A /* testSearchVacancyModulePresenter.m in Sources */ = {isa = PBXBuildFile; fileRef = 605A9F371DDA534B00B1740A /* testSearchVacancyModulePresenter.m */; };
		605A9F3B1DDA59D000B1740A /* SearchVacancyModuleInteractor.m in Sources */ = {isa = PBXBuildFile; fileRef = 605A9F3A1DDA59D000B1740A /* SearchVacancyModuleInteractor.m */; };
		605A9F3F1DDB997300B1740A /* SearchVacancyModuleRouter.m in Sources */ = {isa = PBXBuildFile; fileRef = 605A9F3E1DDB997300B1740A /* SearchVacancyModuleRouter.m */; };
		605A9F451DDBA20800B1740A /* testSearchVacancyModuleInteractor.m in Sources */ = {isa = PBXBuildFile; fileRef = 605A9F441DDBA20800B1740A /* testSearchVacancyModuleInteractor.m */; };
		60A6E5771DE6E2E7007C65BD /* testConnectionData in Resources */ = {isa = PBXBuildFile; fileRef = 60A6E5751DE6E23B007C65BD /* testConnectionData */; };
		60AC15DF1DDCD52800CD60DD /* SearchVacancyModuleAssembler.m in Sources */ = {isa = PBXBuildFile; fileRef = 60AC15DE1DDCD52800CD60DD /* SearchVacancyModuleAssembler.m */; };
		60AC15E21DDCD9D900CD60DD /* testSearchVacancyModuleAssembler.m in Sources */ = {isa = PBXBuildFile; fileRef = 60AC15E11DDCD9D900CD60DD /* testSearchVacancyModuleAssembler.m */; };
		60B882301DDCE90C000A20EF /* ShowVacanciesModuleView.m in Sources */ = {isa = PBXBuildFile; fileRef = 60B8822F1DDCE90C000A20EF /* ShowVacanciesModuleView.m */; };
		60B882341DDCE94C000A20EF /* ShowVacanciesModulePresenter.m in Sources */ = {isa = PBXBuildFile; fileRef = 60B882331DDCE94C000A20EF /* ShowVacanciesModulePresenter.m */; };
		60B882371DDCE963000A20EF /* ShowVacanciesModuleInteractor.m in Sources */ = {isa = PBXBuildFile; fileRef = 60B882361DDCE963000A20EF /* ShowVacanciesModuleInteractor.m */; };
		60B8823A1DDCE97D000A20EF /* ShowVacanciesModuleRouter.m in Sources */ = {isa = PBXBuildFile; fileRef = 60B882391DDCE97D000A20EF /* ShowVacanciesModuleRouter.m */; };
		60B8823D1DDCE994000A20EF /* ShowVacanciesModuleAssembler.m in Sources */ = {isa = PBXBuildFile; fileRef = 60B8823C1DDCE994000A20EF /* ShowVacanciesModuleAssembler.m */; };
		60EB78AA1DD70F630082775C /* main.m in Sources */ = {isa = PBXBuildFile; fileRef = 60EB78A91DD70F630082775C /* main.m */; };
		60EB78AD1DD70F630082775C /* AppDelegate.m in Sources */ = {isa = PBXBuildFile; fileRef = 60EB78AC1DD70F630082775C /* AppDelegate.m */; };
		60EB78B31DD70F630082775C /* Main.storyboard in Resources */ = {isa = PBXBuildFile; fileRef = 60EB78B11DD70F630082775C /* Main.storyboard */; };
		60EB78B81DD70F630082775C /* Assets.xcassets in Resources */ = {isa = PBXBuildFile; fileRef = 60EB78B71DD70F630082775C /* Assets.xcassets */; };
		60EB78BB1DD70F630082775C /* LaunchScreen.storyboard in Resources */ = {isa = PBXBuildFile; fileRef = 60EB78B91DD70F630082775C /* LaunchScreen.storyboard */; };
		60FB13211DE5C80F00C62BA0 /* testShowVacanciesModuleInteractor.m in Sources */ = {isa = PBXBuildFile; fileRef = 60FB13201DE5C80F00C62BA0 /* testShowVacanciesModuleInteractor.m */; };
		60FB13231DE5CBA200C62BA0 /* testShowVacanciesModuleRouter.m in Sources */ = {isa = PBXBuildFile; fileRef = 60FB13221DE5CBA200C62BA0 /* testShowVacanciesModuleRouter.m */; };
/* End PBXBuildFile section */

/* Begin PBXContainerItemProxy section */
		60EB78C21DD70F630082775C /* PBXContainerItemProxy */ = {
			isa = PBXContainerItemProxy;
			containerPortal = 60EB789D1DD70F630082775C /* Project object */;
			proxyType = 1;
			remoteGlobalIDString = 60EB78A41DD70F630082775C;
			remoteInfo = SmirnovSuperJobTest;
		};
/* End PBXContainerItemProxy section */

/* Begin PBXFileReference section */
		60286E941DE0A9FA000C6438 /* testShowVacanciesModuleAssembler.m */ = {isa = PBXFileReference; fileEncoding = 4; lastKnownFileType = sourcecode.c.objc; path = testShowVacanciesModuleAssembler.m; sourceTree = "<group>"; };
		60286E961DE0B100000C6438 /* testShowVacanciesModuleView.m */ = {isa = PBXFileReference; fileEncoding = 4; lastKnownFileType = sourcecode.c.objc; path = testShowVacanciesModuleView.m; sourceTree = "<group>"; };
		60286E991DE0B768000C6438 /* ShowVacanciesPageSubmoduleView.h */ = {isa = PBXFileReference; fileEncoding = 4; lastKnownFileType = sourcecode.c.h; name = ShowVacanciesPageSubmoduleView.h; path = Classes/ShowVacanciesPageSubmoduleView.h; sourceTree = "<group>"; };
		60286E9A1DE0B768000C6438 /* ShowVacanciesPageSubmoduleView.m */ = {isa = PBXFileReference; fileEncoding = 4; lastKnownFileType = sourcecode.c.objc; name = ShowVacanciesPageSubmoduleView.m; path = Classes/ShowVacanciesPageSubmoduleView.m; sourceTree = "<group>"; };
		60286E9D1DE0B794000C6438 /* ShowVacanciesPageSubmodulePresenter.h */ = {isa = PBXFileReference; fileEncoding = 4; lastKnownFileType = sourcecode.c.h; name = ShowVacanciesPageSubmodulePresenter.h; path = Classes/ShowVacanciesPageSubmodulePresenter.h; sourceTree = "<group>"; };
		60286E9E1DE0B794000C6438 /* ShowVacanciesPageSubmodulePresenter.m */ = {isa = PBXFileReference; fileEncoding = 4; lastKnownFileType = sourcecode.c.objc; name = ShowVacanciesPageSubmodulePresenter.m; path = Classes/ShowVacanciesPageSubmodulePresenter.m; sourceTree = "<group>"; };
		60286EA01DE0B7AC000C6438 /* ShowVacanciesPageSubmoduleInteractor.h */ = {isa = PBXFileReference; fileEncoding = 4; lastKnownFileType = sourcecode.c.h; name = ShowVacanciesPageSubmoduleInteractor.h; path = Classes/ShowVacanciesPageSubmoduleInteractor.h; sourceTree = "<group>"; };
		60286EA11DE0B7AC000C6438 /* ShowVacanciesPageSubmoduleInteractor.m */ = {isa = PBXFileReference; fileEncoding = 4; lastKnownFileType = sourcecode.c.objc; name = ShowVacanciesPageSubmoduleInteractor.m; path = Classes/ShowVacanciesPageSubmoduleInteractor.m; sourceTree = "<group>"; };
		60286EA31DE0B7BF000C6438 /* ShowVacanciesPageSubmoduleRouter.h */ = {isa = PBXFileReference; fileEncoding = 4; lastKnownFileType = sourcecode.c.h; name = ShowVacanciesPageSubmoduleRouter.h; path = Classes/ShowVacanciesPageSubmoduleRouter.h; sourceTree = "<group>"; };
		60286EA41DE0B7BF000C6438 /* ShowVacanciesPageSubmoduleRouter.m */ = {isa = PBXFileReference; fileEncoding = 4; lastKnownFileType = sourcecode.c.objc; name = ShowVacanciesPageSubmoduleRouter.m; path = Classes/ShowVacanciesPageSubmoduleRouter.m; sourceTree = "<group>"; };
		60286EA61DE0B7CF000C6438 /* ShowVacanciesPageSubmoduleAssembler.h */ = {isa = PBXFileReference; fileEncoding = 4; lastKnownFileType = sourcecode.c.h; name = ShowVacanciesPageSubmoduleAssembler.h; path = Classes/ShowVacanciesPageSubmoduleAssembler.h; sourceTree = "<group>"; };
		60286EA71DE0B7CF000C6438 /* ShowVacanciesPageSubmoduleAssembler.m */ = {isa = PBXFileReference; fileEncoding = 4; lastKnownFileType = sourcecode.c.objc; name = ShowVacanciesPageSubmoduleAssembler.m; path = Classes/ShowVacanciesPageSubmoduleAssembler.m; sourceTree = "<group>"; };
		60286EA91DE0BB71000C6438 /* testShowVacanciesPageSubmoduleAssembler.m */ = {isa = PBXFileReference; fileEncoding = 4; lastKnownFileType = sourcecode.c.objc; path = testShowVacanciesPageSubmoduleAssembler.m; sourceTree = "<group>"; };
		60286EAB1DE0CFDF000C6438 /* testShowVacanciesPageSubmoduleView.m */ = {isa = PBXFileReference; fileEncoding = 4; lastKnownFileType = sourcecode.c.objc; path = testShowVacanciesPageSubmoduleView.m; sourceTree = "<group>"; };
		60286EAD1DE0D7D6000C6438 /* ShowVacanciesPageSubmoduleViewTableMaster.h */ = {isa = PBXFileReference; fileEncoding = 4; lastKnownFileType = sourcecode.c.h; name = ShowVacanciesPageSubmoduleViewTableMaster.h; path = Classes/ShowVacanciesPageSubmoduleViewTableMaster.h; sourceTree = "<group>"; };
		60286EAE1DE0D7D6000C6438 /* ShowVacanciesPageSubmoduleViewTableMaster.m */ = {isa = PBXFileReference; fileEncoding = 4; lastKnownFileType = sourcecode.c.objc; name = ShowVacanciesPageSubmoduleViewTableMaster.m; path = Classes/ShowVacanciesPageSubmoduleViewTableMaster.m; sourceTree = "<group>"; };
		60286EB11DE0DDA3000C6438 /* ShowVacanciesPageSubmoduleViewVacancyCell.h */ = {isa = PBXFileReference; fileEncoding = 4; lastKnownFileType = sourcecode.c.h; name = ShowVacanciesPageSubmoduleViewVacancyCell.h; path = Classes/ShowVacanciesPageSubmoduleViewVacancyCell.h; sourceTree = "<group>"; };
		60286EB21DE0DDA3000C6438 /* ShowVacanciesPageSubmoduleViewVacancyCell.m */ = {isa = PBXFileReference; fileEncoding = 4; lastKnownFileType = sourcecode.c.objc; name = ShowVacanciesPageSubmoduleViewVacancyCell.m; path = Classes/ShowVacanciesPageSubmoduleViewVacancyCell.m; sourceTree = "<group>"; };
		60286EB91DE2FE09000C6438 /* testShowVacanciesPageSubmoduleInteractor.m */ = {isa = PBXFileReference; fileEncoding = 4; lastKnownFileType = sourcecode.c.objc; path = testShowVacanciesPageSubmoduleInteractor.m; sourceTree = "<group>"; };
		60286EBB1DE307C5000C6438 /* testShowVacanciesPageSubmodulePresenter.m */ = {isa = PBXFileReference; fileEncoding = 4; lastKnownFileType = sourcecode.c.objc; path = testShowVacanciesPageSubmodulePresenter.m; sourceTree = "<group>"; };
		60286EBD1DE3413D000C6438 /* testShowVacanciesModulePresenter.m */ = {isa = PBXFileReference; fileEncoding = 4; lastKnownFileType = sourcecode.c.objc; path = testShowVacanciesModulePresenter.m; sourceTree = "<group>"; };
		60286EC61DE57FF9000C6438 /* testShowVacanciesPageSubmoduleViewTableMaster.m */ = {isa = PBXFileReference; fileEncoding = 4; lastKnownFileType = sourcecode.c.objc; path = testShowVacanciesPageSubmoduleViewTableMaster.m; sourceTree = "<group>"; };
		60286EC81DE5AA54000C6438 /* testSearchVacancyModuleRouter.m */ = {isa = PBXFileReference; fileEncoding = 4; lastKnownFileType = sourcecode.c.objc; path = testSearchVacancyModuleRouter.m; sourceTree = "<group>"; };
		60286ECC1DE5ACBA000C6438 /* testShowVacanciesPageSubmoduleRouter.m */ = {isa = PBXFileReference; fileEncoding = 4; lastKnownFileType = sourcecode.c.objc; path = testShowVacanciesPageSubmoduleRouter.m; sourceTree = "<group>"; };
		605A9EB81DD719EA00B1740A /* SessionService.h */ = {isa = PBXFileReference; fileEncoding = 4; lastKnownFileType = sourcecode.c.h; name = SessionService.h; path = Classes/SessionService.h; sourceTree = "<group>"; };
		605A9EB91DD719EA00B1740A /* SessionService.m */ = {isa = PBXFileReference; fileEncoding = 4; lastKnownFileType = sourcecode.c.objc; name = SessionService.m; path = Classes/SessionService.m; sourceTree = "<group>"; };
		605A9EBC1DD71E1A00B1740A /* testConnectionService.m */ = {isa = PBXFileReference; fileEncoding = 4; lastKnownFileType = sourcecode.c.objc; path = testConnectionService.m; sourceTree = "<group>"; };
		605A9EC61DD747B800B1740A /* VacancyBuilder.h */ = {isa = PBXFileReference; fileEncoding = 4; lastKnownFileType = sourcecode.c.h; name = VacancyBuilder.h; path = Classes/VacancyBuilder.h; sourceTree = "<group>"; };
		605A9EC71DD747B800B1740A /* VacancyBuilder.m */ = {isa = PBXFileReference; fileEncoding = 4; lastKnownFileType = sourcecode.c.objc; name = VacancyBuilder.m; path = Classes/VacancyBuilder.m; sourceTree = "<group>"; };
		605A9ECA1DD747DE00B1740A /* VacancyModel.h */ = {isa = PBXFileReference; fileEncoding = 4; lastKnownFileType = sourcecode.c.h; name = VacancyModel.h; path = Classes/VacancyModel.h; sourceTree = "<group>"; };
		605A9ECB1DD747DE00B1740A /* VacancyModel.m */ = {isa = PBXFileReference; fileEncoding = 4; lastKnownFileType = sourcecode.c.objc; name = VacancyModel.m; path = Classes/VacancyModel.m; sourceTree = "<group>"; };
		605A9ECE1DD74CE000B1740A /* testVacancyBuilder.m */ = {isa = PBXFileReference; fileEncoding = 4; lastKnownFileType = sourcecode.c.objc; path = testVacancyBuilder.m; sourceTree = "<group>"; };
		605A9ED11DD74DFA00B1740A /* testVacancies */ = {isa = PBXFileReference; fileEncoding = 4; lastKnownFileType = text; path = testVacancies; sourceTree = "<group>"; };
		605A9ED31DD7848300B1740A /* SuperJobService.h */ = {isa = PBXFileReference; fileEncoding = 4; lastKnownFileType = sourcecode.c.h; name = SuperJobService.h; path = Classes/SuperJobService.h; sourceTree = "<group>"; };
		605A9ED41DD7848300B1740A /* SuperJobService.m */ = {isa = PBXFileReference; fileEncoding = 4; lastKnownFileType = sourcecode.c.objc; name = SuperJobService.m; path = Classes/SuperJobService.m; sourceTree = "<group>"; };
		605A9ED71DD787F300B1740A /* testSuperJobService.m */ = {isa = PBXFileReference; fileEncoding = 4; lastKnownFileType = sourcecode.c.objc; path = testSuperJobService.m; sourceTree = "<group>"; };
		605A9ED91DD7BE6F00B1740A /* errorResponse */ = {isa = PBXFileReference; fileEncoding = 4; lastKnownFileType = text; path = errorResponse; sourceTree = "<group>"; };
		605A9F2C1DDA3D9600B1740A /* SearchVacancyModuleView.h */ = {isa = PBXFileReference; fileEncoding = 4; lastKnownFileType = sourcecode.c.h; name = SearchVacancyModuleView.h; path = Classes/SearchVacancyModuleView.h; sourceTree = "<group>"; };
		605A9F2D1DDA3D9600B1740A /* SearchVacancyModuleView.m */ = {isa = PBXFileReference; fileEncoding = 4; lastKnownFileType = sourcecode.c.objc; name = SearchVacancyModuleView.m; path = Classes/SearchVacancyModuleView.m; sourceTree = "<group>"; };
		605A9F311DDA477400B1740A /* testSearchVacancyModuleView.m */ = {isa = PBXFileReference; fileEncoding = 4; lastKnownFileType = sourcecode.c.objc; path = testSearchVacancyModuleView.m; sourceTree = "<group>"; };
		605A9F331DDA513400B1740A /* SearchVacancyModulePresenter.h */ = {isa = PBXFileReference; fileEncoding = 4; lastKnownFileType = sourcecode.c.h; name = SearchVacancyModulePresenter.h; path = Classes/SearchVacancyModulePresenter.h; sourceTree = "<group>"; };
		605A9F341DDA513400B1740A /* SearchVacancyModulePresenter.m */ = {isa = PBXFileReference; fileEncoding = 4; lastKnownFileType = sourcecode.c.objc; name = SearchVacancyModulePresenter.m; path = Classes/SearchVacancyModulePresenter.m; sourceTree = "<group>"; };
		605A9F371DDA534B00B1740A /* testSearchVacancyModulePresenter.m */ = {isa = PBXFileReference; fileEncoding = 4; lastKnownFileType = sourcecode.c.objc; path = testSearchVacancyModulePresenter.m; sourceTree = "<group>"; };
		605A9F391DDA59D000B1740A /* SearchVacancyModuleInteractor.h */ = {isa = PBXFileReference; fileEncoding = 4; lastKnownFileType = sourcecode.c.h; name = SearchVacancyModuleInteractor.h; path = Classes/SearchVacancyModuleInteractor.h; sourceTree = "<group>"; };
		605A9F3A1DDA59D000B1740A /* SearchVacancyModuleInteractor.m */ = {isa = PBXFileReference; fileEncoding = 4; lastKnownFileType = sourcecode.c.objc; name = SearchVacancyModuleInteractor.m; path = Classes/SearchVacancyModuleInteractor.m; sourceTree = "<group>"; };
		605A9F3D1DDB997300B1740A /* SearchVacancyModuleRouter.h */ = {isa = PBXFileReference; fileEncoding = 4; lastKnownFileType = sourcecode.c.h; name = SearchVacancyModuleRouter.h; path = Classes/SearchVacancyModuleRouter.h; sourceTree = "<group>"; };
		605A9F3E1DDB997300B1740A /* SearchVacancyModuleRouter.m */ = {isa = PBXFileReference; fileEncoding = 4; lastKnownFileType = sourcecode.c.objc; name = SearchVacancyModuleRouter.m; path = Classes/SearchVacancyModuleRouter.m; sourceTree = "<group>"; };
		605A9F441DDBA20800B1740A /* testSearchVacancyModuleInteractor.m */ = {isa = PBXFileReference; fileEncoding = 4; lastKnownFileType = sourcecode.c.objc; path = testSearchVacancyModuleInteractor.m; sourceTree = "<group>"; };
		60A6E5751DE6E23B007C65BD /* testConnectionData */ = {isa = PBXFileReference; fileEncoding = 4; lastKnownFileType = text; path = testConnectionData; sourceTree = "<group>"; };
		60AC15DD1DDCD52800CD60DD /* SearchVacancyModuleAssembler.h */ = {isa = PBXFileReference; fileEncoding = 4; lastKnownFileType = sourcecode.c.h; name = SearchVacancyModuleAssembler.h; path = Classes/SearchVacancyModuleAssembler.h; sourceTree = "<group>"; };
		60AC15DE1DDCD52800CD60DD /* SearchVacancyModuleAssembler.m */ = {isa = PBXFileReference; fileEncoding = 4; lastKnownFileType = sourcecode.c.objc; name = SearchVacancyModuleAssembler.m; path = Classes/SearchVacancyModuleAssembler.m; sourceTree = "<group>"; };
		60AC15E11DDCD9D900CD60DD /* testSearchVacancyModuleAssembler.m */ = {isa = PBXFileReference; fileEncoding = 4; lastKnownFileType = sourcecode.c.objc; path = testSearchVacancyModuleAssembler.m; sourceTree = "<group>"; };
		60B8822E1DDCE90C000A20EF /* ShowVacanciesModuleView.h */ = {isa = PBXFileReference; fileEncoding = 4; lastKnownFileType = sourcecode.c.h; name = ShowVacanciesModuleView.h; path = Classes/ShowVacanciesModuleView.h; sourceTree = "<group>"; };
		60B8822F1DDCE90C000A20EF /* ShowVacanciesModuleView.m */ = {isa = PBXFileReference; fileEncoding = 4; lastKnownFileType = sourcecode.c.objc; name = ShowVacanciesModuleView.m; path = Classes/ShowVacanciesModuleView.m; sourceTree = "<group>"; };
		60B882321DDCE94C000A20EF /* ShowVacanciesModulePresenter.h */ = {isa = PBXFileReference; fileEncoding = 4; lastKnownFileType = sourcecode.c.h; name = ShowVacanciesModulePresenter.h; path = Classes/ShowVacanciesModulePresenter.h; sourceTree = "<group>"; };
		60B882331DDCE94C000A20EF /* ShowVacanciesModulePresenter.m */ = {isa = PBXFileReference; fileEncoding = 4; lastKnownFileType = sourcecode.c.objc; name = ShowVacanciesModulePresenter.m; path = Classes/ShowVacanciesModulePresenter.m; sourceTree = "<group>"; };
		60B882351DDCE963000A20EF /* ShowVacanciesModuleInteractor.h */ = {isa = PBXFileReference; fileEncoding = 4; lastKnownFileType = sourcecode.c.h; name = ShowVacanciesModuleInteractor.h; path = Classes/ShowVacanciesModuleInteractor.h; sourceTree = "<group>"; };
		60B882361DDCE963000A20EF /* ShowVacanciesModuleInteractor.m */ = {isa = PBXFileReference; fileEncoding = 4; lastKnownFileType = sourcecode.c.objc; name = ShowVacanciesModuleInteractor.m; path = Classes/ShowVacanciesModuleInteractor.m; sourceTree = "<group>"; };
		60B882381DDCE97D000A20EF /* ShowVacanciesModuleRouter.h */ = {isa = PBXFileReference; fileEncoding = 4; lastKnownFileType = sourcecode.c.h; name = ShowVacanciesModuleRouter.h; path = Classes/ShowVacanciesModuleRouter.h; sourceTree = "<group>"; };
		60B882391DDCE97D000A20EF /* ShowVacanciesModuleRouter.m */ = {isa = PBXFileReference; fileEncoding = 4; lastKnownFileType = sourcecode.c.objc; name = ShowVacanciesModuleRouter.m; path = Classes/ShowVacanciesModuleRouter.m; sourceTree = "<group>"; };
		60B8823B1DDCE994000A20EF /* ShowVacanciesModuleAssembler.h */ = {isa = PBXFileReference; fileEncoding = 4; lastKnownFileType = sourcecode.c.h; path = ShowVacanciesModuleAssembler.h; sourceTree = "<group>"; };
		60B8823C1DDCE994000A20EF /* ShowVacanciesModuleAssembler.m */ = {isa = PBXFileReference; fileEncoding = 4; lastKnownFileType = sourcecode.c.objc; path = ShowVacanciesModuleAssembler.m; sourceTree = "<group>"; };
		60EB78A51DD70F630082775C /* SuperJob.app */ = {isa = PBXFileReference; explicitFileType = wrapper.application; includeInIndex = 0; path = SuperJob.app; sourceTree = BUILT_PRODUCTS_DIR; };
		60EB78A91DD70F630082775C /* main.m */ = {isa = PBXFileReference; lastKnownFileType = sourcecode.c.objc; path = main.m; sourceTree = "<group>"; };
		60EB78AB1DD70F630082775C /* AppDelegate.h */ = {isa = PBXFileReference; lastKnownFileType = sourcecode.c.h; path = AppDelegate.h; sourceTree = "<group>"; };
		60EB78AC1DD70F630082775C /* AppDelegate.m */ = {isa = PBXFileReference; lastKnownFileType = sourcecode.c.objc; path = AppDelegate.m; sourceTree = "<group>"; };
		60EB78B21DD70F630082775C /* Base */ = {isa = PBXFileReference; lastKnownFileType = file.storyboard; name = Base; path = Base.lproj/Main.storyboard; sourceTree = "<group>"; };
		60EB78B71DD70F630082775C /* Assets.xcassets */ = {isa = PBXFileReference; lastKnownFileType = folder.assetcatalog; path = Assets.xcassets; sourceTree = "<group>"; };
		60EB78BA1DD70F630082775C /* Base */ = {isa = PBXFileReference; lastKnownFileType = file.storyboard; name = Base; path = Base.lproj/LaunchScreen.storyboard; sourceTree = "<group>"; };
		60EB78BC1DD70F630082775C /* Info.plist */ = {isa = PBXFileReference; lastKnownFileType = text.plist.xml; path = Info.plist; sourceTree = "<group>"; };
		60EB78C11DD70F630082775C /* SuperJobTests.xctest */ = {isa = PBXFileReference; explicitFileType = wrapper.cfbundle; includeInIndex = 0; path = SuperJobTests.xctest; sourceTree = BUILT_PRODUCTS_DIR; };
		60EB78C71DD70F630082775C /* Info.plist */ = {isa = PBXFileReference; lastKnownFileType = text.plist.xml; path = Info.plist; sourceTree = "<group>"; };
		60FB13201DE5C80F00C62BA0 /* testShowVacanciesModuleInteractor.m */ = {isa = PBXFileReference; fileEncoding = 4; lastKnownFileType = sourcecode.c.objc; path = testShowVacanciesModuleInteractor.m; sourceTree = "<group>"; };
		60FB13221DE5CBA200C62BA0 /* testShowVacanciesModuleRouter.m */ = {isa = PBXFileReference; fileEncoding = 4; lastKnownFileType = sourcecode.c.objc; path = testShowVacanciesModuleRouter.m; sourceTree = "<group>"; };
/* End PBXFileReference section */

/* Begin PBXFrameworksBuildPhase section */
		60EB78A21DD70F630082775C /* Frameworks */ = {
			isa = PBXFrameworksBuildPhase;
			buildActionMask = 2147483647;
			files = (
			);
			runOnlyForDeploymentPostprocessing = 0;
		};
		60EB78BE1DD70F630082775C /* Frameworks */ = {
			isa = PBXFrameworksBuildPhase;
			buildActionMask = 2147483647;
			files = (
			);
			runOnlyForDeploymentPostprocessing = 0;
		};
/* End PBXFrameworksBuildPhase section */

/* Begin PBXGroup section */
		60286E9C1DE0B779000C6438 /* ShowVacanciesPageSubmodule */ = {
			isa = PBXGroup;
			children = (
				60286EB01DE0D825000C6438 /* View */,
				60286E9D1DE0B794000C6438 /* ShowVacanciesPageSubmodulePresenter.h */,
				60286E9E1DE0B794000C6438 /* ShowVacanciesPageSubmodulePresenter.m */,
				60286EA01DE0B7AC000C6438 /* ShowVacanciesPageSubmoduleInteractor.h */,
				60286EA11DE0B7AC000C6438 /* ShowVacanciesPageSubmoduleInteractor.m */,
				60286EA31DE0B7BF000C6438 /* ShowVacanciesPageSubmoduleRouter.h */,
				60286EA41DE0B7BF000C6438 /* ShowVacanciesPageSubmoduleRouter.m */,
				60286EA61DE0B7CF000C6438 /* ShowVacanciesPageSubmoduleAssembler.h */,
				60286EA71DE0B7CF000C6438 /* ShowVacanciesPageSubmoduleAssembler.m */,
			);
			name = ShowVacanciesPageSubmodule;
			sourceTree = "<group>";
		};
		60286EB01DE0D825000C6438 /* View */ = {
			isa = PBXGroup;
			children = (
				60286E991DE0B768000C6438 /* ShowVacanciesPageSubmoduleView.h */,
				60286E9A1DE0B768000C6438 /* ShowVacanciesPageSubmoduleView.m */,
				60286EAD1DE0D7D6000C6438 /* ShowVacanciesPageSubmoduleViewTableMaster.h */,
				60286EAE1DE0D7D6000C6438 /* ShowVacanciesPageSubmoduleViewTableMaster.m */,
				60286EB11DE0DDA3000C6438 /* ShowVacanciesPageSubmoduleViewVacancyCell.h */,
				60286EB21DE0DDA3000C6438 /* ShowVacanciesPageSubmoduleViewVacancyCell.m */,
			);
			name = View;
			sourceTree = "<group>";
		};
		60286EB61DE0DFE6000C6438 /* testShowVacanciesModule */ = {
			isa = PBXGroup;
			children = (
				60FB13221DE5CBA200C62BA0 /* testShowVacanciesModuleRouter.m */,
				60FB13201DE5C80F00C62BA0 /* testShowVacanciesModuleInteractor.m */,
				60286EC81DE5AA54000C6438 /* testSearchVacancyModuleRouter.m */,
				60286EC61DE57FF9000C6438 /* testShowVacanciesPageSubmoduleViewTableMaster.m */,
				60286EBD1DE3413D000C6438 /* testShowVacanciesModulePresenter.m */,
				60286E961DE0B100000C6438 /* testShowVacanciesModuleView.m */,
				60286E941DE0A9FA000C6438 /* testShowVacanciesModuleAssembler.m */,
			);
			name = testShowVacanciesModule;
			sourceTree = "<group>";
		};
		60286EB71DE0DFF9000C6438 /* testShowVacanciesPageSubmodule */ = {
			isa = PBXGroup;
			children = (
				60286EBB1DE307C5000C6438 /* testShowVacanciesPageSubmodulePresenter.m */,
				60286EAB1DE0CFDF000C6438 /* testShowVacanciesPageSubmoduleView.m */,
				60286EA91DE0BB71000C6438 /* testShowVacanciesPageSubmoduleAssembler.m */,
			);
			name = testShowVacanciesPageSubmodule;
			sourceTree = "<group>";
		};
		605A9ED01DD74DFA00B1740A /* assets */ = {
			isa = PBXGroup;
			children = (
				60A6E5751DE6E23B007C65BD /* testConnectionData */,
				605A9ED91DD7BE6F00B1740A /* errorResponse */,
				605A9ED11DD74DFA00B1740A /* testVacancies */,
			);
			path = assets;
			sourceTree = "<group>";
		};
		605A9F301DDA3DA200B1740A /* SearchVacancyModule */ = {
			isa = PBXGroup;
			children = (
				60AC15DD1DDCD52800CD60DD /* SearchVacancyModuleAssembler.h */,
				60AC15DE1DDCD52800CD60DD /* SearchVacancyModuleAssembler.m */,
				605A9F2C1DDA3D9600B1740A /* SearchVacancyModuleView.h */,
				605A9F2D1DDA3D9600B1740A /* SearchVacancyModuleView.m */,
				605A9F331DDA513400B1740A /* SearchVacancyModulePresenter.h */,
				605A9F341DDA513400B1740A /* SearchVacancyModulePresenter.m */,
				605A9F391DDA59D000B1740A /* SearchVacancyModuleInteractor.h */,
				605A9F3A1DDA59D000B1740A /* SearchVacancyModuleInteractor.m */,
				605A9F3D1DDB997300B1740A /* SearchVacancyModuleRouter.h */,
				605A9F3E1DDB997300B1740A /* SearchVacancyModuleRouter.m */,
			);
			name = SearchVacancyModule;
			sourceTree = "<group>";
		};
		60B882281DDCE6E5000A20EF /* Helpers */ = {
			isa = PBXGroup;
			children = (
				605A9EC61DD747B800B1740A /* VacancyBuilder.h */,
				605A9EC71DD747B800B1740A /* VacancyBuilder.m */,
			);
			name = Helpers;
			sourceTree = "<group>";
		};
		60B882291DDCE6F3000A20EF /* Services */ = {
			isa = PBXGroup;
			children = (
				605A9EB81DD719EA00B1740A /* SessionService.h */,
				605A9EB91DD719EA00B1740A /* SessionService.m */,
				605A9ED31DD7848300B1740A /* SuperJobService.h */,
				605A9ED41DD7848300B1740A /* SuperJobService.m */,
			);
			name = Services;
			sourceTree = "<group>";
		};
		60B8822A1DDCE6FD000A20EF /* SharedModel */ = {
			isa = PBXGroup;
			children = (
				605A9ECA1DD747DE00B1740A /* VacancyModel.h */,
				605A9ECB1DD747DE00B1740A /* VacancyModel.m */,
			);
			name = SharedModel;
			sourceTree = "<group>";
		};
		60B8822B1DDCE715000A20EF /* testSearchVacancyModule */ = {
			isa = PBXGroup;
			children = (
				60AC15E11DDCD9D900CD60DD /* testSearchVacancyModuleAssembler.m */,
				605A9F311DDA477400B1740A /* testSearchVacancyModuleView.m */,
				605A9F441DDBA20800B1740A /* testSearchVacancyModuleInteractor.m */,
				605A9F371DDA534B00B1740A /* testSearchVacancyModulePresenter.m */,
			);
			name = testSearchVacancyModule;
			sourceTree = "<group>";
		};
		60B8822C1DDCE732000A20EF /* testServices */ = {
			isa = PBXGroup;
			children = (
				60286ECC1DE5ACBA000C6438 /* testShowVacanciesPageSubmoduleRouter.m */,
				605A9EBC1DD71E1A00B1740A /* testConnectionService.m */,
				605A9ED71DD787F300B1740A /* testSuperJobService.m */,
			);
			name = testServices;
			sourceTree = "<group>";
		};
		60B8822D1DDCE742000A20EF /* testHelpers */ = {
			isa = PBXGroup;
			children = (
				60286EB91DE2FE09000C6438 /* testShowVacanciesPageSubmoduleInteractor.m */,
				605A9ECE1DD74CE000B1740A /* testVacancyBuilder.m */,
			);
			name = testHelpers;
			sourceTree = "<group>";
		};
		60B882311DDCE913000A20EF /* ShowVacanciesModule */ = {
			isa = PBXGroup;
			children = (
				60B8822E1DDCE90C000A20EF /* ShowVacanciesModuleView.h */,
				60B8822F1DDCE90C000A20EF /* ShowVacanciesModuleView.m */,
				60B882321DDCE94C000A20EF /* ShowVacanciesModulePresenter.h */,
				60B882331DDCE94C000A20EF /* ShowVacanciesModulePresenter.m */,
				60B882351DDCE963000A20EF /* ShowVacanciesModuleInteractor.h */,
				60B882361DDCE963000A20EF /* ShowVacanciesModuleInteractor.m */,
				60B882381DDCE97D000A20EF /* ShowVacanciesModuleRouter.h */,
				60B882391DDCE97D000A20EF /* ShowVacanciesModuleRouter.m */,
				60B8823B1DDCE994000A20EF /* ShowVacanciesModuleAssembler.h */,
				60B8823C1DDCE994000A20EF /* ShowVacanciesModuleAssembler.m */,
			);
			name = ShowVacanciesModule;
			sourceTree = "<group>";
		};
		60EB789C1DD70F630082775C = {
			isa = PBXGroup;
			children = (
				60EB78A71DD70F630082775C /* SuperJob */,
				60EB78C41DD70F630082775C /* SuperJobTests */,
				60EB78A61DD70F630082775C /* Products */,
			);
			sourceTree = "<group>";
		};
		60EB78A61DD70F630082775C /* Products */ = {
			isa = PBXGroup;
			children = (
				60EB78A51DD70F630082775C /* SuperJob.app */,
				60EB78C11DD70F630082775C /* SuperJobTests.xctest */,
			);
			name = Products;
			sourceTree = "<group>";
		};
		60EB78A71DD70F630082775C /* SuperJob */ = {
			isa = PBXGroup;
			children = (
				60EB78AB1DD70F630082775C /* AppDelegate.h */,
				60EB78AC1DD70F630082775C /* AppDelegate.m */,
				60EB78B11DD70F630082775C /* Main.storyboard */,
				60EB78B71DD70F630082775C /* Assets.xcassets */,
				60EB78B91DD70F630082775C /* LaunchScreen.storyboard */,
				60EB78BC1DD70F630082775C /* Info.plist */,
				60EB78A81DD70F630082775C /* Supporting Files */,
				60B882291DDCE6F3000A20EF /* Services */,
				60B8822A1DDCE6FD000A20EF /* SharedModel */,
				60B882281DDCE6E5000A20EF /* Helpers */,
				605A9F301DDA3DA200B1740A /* SearchVacancyModule */,
				60B882311DDCE913000A20EF /* ShowVacanciesModule */,
				60286E9C1DE0B779000C6438 /* ShowVacanciesPageSubmodule */,
			);
			name = SuperJob;
			path = SmirnovSuperJobTest;
			sourceTree = "<group>";
		};
		60EB78A81DD70F630082775C /* Supporting Files */ = {
			isa = PBXGroup;
			children = (
				60EB78A91DD70F630082775C /* main.m */,
			);
			name = "Supporting Files";
			sourceTree = "<group>";
		};
		60EB78C41DD70F630082775C /* SuperJobTests */ = {
			isa = PBXGroup;
			children = (
				605A9ED01DD74DFA00B1740A /* assets */,
				60EB78C71DD70F630082775C /* Info.plist */,
				60B8822B1DDCE715000A20EF /* testSearchVacancyModule */,
				60286EB71DE0DFF9000C6438 /* testShowVacanciesPageSubmodule */,
				60286EB61DE0DFE6000C6438 /* testShowVacanciesModule */,
				60B8822C1DDCE732000A20EF /* testServices */,
				60B8822D1DDCE742000A20EF /* testHelpers */,
			);
			name = SuperJobTests;
			path = SmirnovSuperJobTestTests;
			sourceTree = "<group>";
		};
/* End PBXGroup section */

/* Begin PBXNativeTarget section */
		60EB78A41DD70F630082775C /* SuperJob */ = {
			isa = PBXNativeTarget;
			buildConfigurationList = 60EB78CA1DD70F630082775C /* Build configuration list for PBXNativeTarget "SuperJob" */;
			buildPhases = (
				60EB78A11DD70F630082775C /* Sources */,
				60EB78A21DD70F630082775C /* Frameworks */,
				60EB78A31DD70F630082775C /* Resources */,
			);
			buildRules = (
			);
			dependencies = (
			);
			name = SuperJob;
			productName = SmirnovSuperJobTest;
			productReference = 60EB78A51DD70F630082775C /* SuperJob.app */;
			productType = "com.apple.product-type.application";
		};
		60EB78C01DD70F630082775C /* SuperJobTests */ = {
			isa = PBXNativeTarget;
			buildConfigurationList = 60EB78CD1DD70F630082775C /* Build configuration list for PBXNativeTarget "SuperJobTests" */;
			buildPhases = (
				60EB78BD1DD70F630082775C /* Sources */,
				60EB78BE1DD70F630082775C /* Frameworks */,
				60EB78BF1DD70F630082775C /* Resources */,
			);
			buildRules = (
			);
			dependencies = (
				60EB78C31DD70F630082775C /* PBXTargetDependency */,
			);
			name = SuperJobTests;
			productName = SmirnovSuperJobTestTests;
			productReference = 60EB78C11DD70F630082775C /* SuperJobTests.xctest */;
			productType = "com.apple.product-type.bundle.unit-test";
		};
/* End PBXNativeTarget section */

/* Begin PBXProject section */
		60EB789D1DD70F630082775C /* Project object */ = {
			isa = PBXProject;
			attributes = {
				LastUpgradeCheck = 0800;
				ORGANIZATIONNAME = RomanS;
				TargetAttributes = {
					60EB78A41DD70F630082775C = {
						CreatedOnToolsVersion = 8.0;
						DevelopmentTeam = 6H2GQX47PU;
						ProvisioningStyle = Automatic;
					};
					60EB78C01DD70F630082775C = {
						CreatedOnToolsVersion = 8.0;
						DevelopmentTeam = 6H2GQX47PU;
						ProvisioningStyle = Automatic;
						TestTargetID = 60EB78A41DD70F630082775C;
					};
				};
			};
			buildConfigurationList = 60EB78A01DD70F630082775C /* Build configuration list for PBXProject "SuperJob" */;
			compatibilityVersion = "Xcode 3.2";
			developmentRegion = English;
			hasScannedForEncodings = 0;
			knownRegions = (
				en,
				Base,
			);
			mainGroup = 60EB789C1DD70F630082775C;
			productRefGroup = 60EB78A61DD70F630082775C /* Products */;
			projectDirPath = "";
			projectRoot = "";
			targets = (
				60EB78A41DD70F630082775C /* SuperJob */,
				60EB78C01DD70F630082775C /* SuperJobTests */,
			);
		};
/* End PBXProject section */

/* Begin PBXResourcesBuildPhase section */
		60EB78A31DD70F630082775C /* Resources */ = {
			isa = PBXResourcesBuildPhase;
			buildActionMask = 2147483647;
			files = (
				60EB78BB1DD70F630082775C /* LaunchScreen.storyboard in Resources */,
				60EB78B81DD70F630082775C /* Assets.xcassets in Resources */,
				60EB78B31DD70F630082775C /* Main.storyboard in Resources */,
			);
			runOnlyForDeploymentPostprocessing = 0;
		};
		60EB78BF1DD70F630082775C /* Resources */ = {
			isa = PBXResourcesBuildPhase;
			buildActionMask = 2147483647;
			files = (
				605A9EDB1DD7BE6F00B1740A /* errorResponse in Resources */,
				605A9ED21DD74DFA00B1740A /* testVacancies in Resources */,
				60A6E5771DE6E2E7007C65BD /* testConnectionData in Resources */,
			);
			runOnlyForDeploymentPostprocessing = 0;
		};
/* End PBXResourcesBuildPhase section */

/* Begin PBXSourcesBuildPhase section */
		60EB78A11DD70F630082775C /* Sources */ = {
			isa = PBXSourcesBuildPhase;
			buildActionMask = 2147483647;
			files = (
				605A9F351DDA513400B1740A /* SearchVacancyModulePresenter.m in Sources */,
				60286EAF1DE0D7D6000C6438 /* ShowVacanciesPageSubmoduleViewTableMaster.m in Sources */,
				605A9EC81DD747B800B1740A /* VacancyBuilder.m in Sources */,
				60B882341DDCE94C000A20EF /* ShowVacanciesModulePresenter.m in Sources */,
				60EB78AD1DD70F630082775C /* AppDelegate.m in Sources */,
				60B882301DDCE90C000A20EF /* ShowVacanciesModuleView.m in Sources */,
				60EB78AA1DD70F630082775C /* main.m in Sources */,
				60286EA81DE0B7CF000C6438 /* ShowVacanciesPageSubmoduleAssembler.m in Sources */,
				60286EB31DE0DDA3000C6438 /* ShowVacanciesPageSubmoduleViewVacancyCell.m in Sources */,
				60286EA21DE0B7AC000C6438 /* ShowVacanciesPageSubmoduleInteractor.m in Sources */,
				60B8823A1DDCE97D000A20EF /* ShowVacanciesModuleRouter.m in Sources */,
				605A9F2E1DDA3D9600B1740A /* SearchVacancyModuleView.m in Sources */,
				605A9F3F1DDB997300B1740A /* SearchVacancyModuleRouter.m in Sources */,
				60286EB81DE0E85A000C6438 /* VacancyModel.m in Sources */,
				605A9EBA1DD719EA00B1740A /* SessionService.m in Sources */,
				60B882371DDCE963000A20EF /* ShowVacanciesModuleInteractor.m in Sources */,
				60B8823D1DDCE994000A20EF /* ShowVacanciesModuleAssembler.m in Sources */,
				60AC15DF1DDCD52800CD60DD /* SearchVacancyModuleAssembler.m in Sources */,
				60286E9F1DE0B794000C6438 /* ShowVacanciesPageSubmodulePresenter.m in Sources */,
				605A9ED51DD7848300B1740A /* SuperJobService.m in Sources */,
				60286EA51DE0B7BF000C6438 /* ShowVacanciesPageSubmoduleRouter.m in Sources */,
				60286E9B1DE0B769000C6438 /* ShowVacanciesPageSubmoduleView.m in Sources */,
				605A9F3B1DDA59D000B1740A /* SearchVacancyModuleInteractor.m in Sources */,
			);
			runOnlyForDeploymentPostprocessing = 0;
		};
		60EB78BD1DD70F630082775C /* Sources */ = {
			isa = PBXSourcesBuildPhase;
			buildActionMask = 2147483647;
			files = (
				605A9ED81DD787F300B1740A /* testSuperJobService.m in Sources */,
				60FB13231DE5CBA200C62BA0 /* testShowVacanciesModuleRouter.m in Sources */,
				60286EBE1DE3413D000C6438 /* testShowVacanciesModulePresenter.m in Sources */,
				605A9F321DDA477400B1740A /* testSearchVacancyModuleView.m in Sources */,
				60286E971DE0B100000C6438 /* testShowVacanciesModuleView.m in Sources */,
				605A9F451DDBA20800B1740A /* testSearchVacancyModuleInteractor.m in Sources */,
				60286EAC1DE0CFDF000C6438 /* testShowVacanciesPageSubmoduleView.m in Sources */,
				60286EC71DE57FFA000C6438 /* testShowVacanciesPageSubmoduleViewTableMaster.m in Sources */,
				60286E951DE0A9FA000C6438 /* testShowVacanciesModuleAssembler.m in Sources */,
				605A9ECF1DD74CE000B1740A /* testVacancyBuilder.m in Sources */,
				605A9F381DDA534B00B1740A /* testSearchVacancyModulePresenter.m in Sources */,
				60286EAA1DE0BB71000C6438 /* testShowVacanciesPageSubmoduleAssembler.m in Sources */,
				60286ECD1DE5ACBA000C6438 /* testShowVacanciesPageSubmoduleRouter.m in Sources */,
				60AC15E21DDCD9D900CD60DD /* testSearchVacancyModuleAssembler.m in Sources */,
				60286EC91DE5AA54000C6438 /* testSearchVacancyModuleRouter.m in Sources */,
				60286EBC1DE307C5000C6438 /* testShowVacanciesPageSubmodulePresenter.m in Sources */,
				60FB13211DE5C80F00C62BA0 /* testShowVacanciesModuleInteractor.m in Sources */,
				605A9EBD1DD71E1A00B1740A /* testConnectionService.m in Sources */,
				60286EBA1DE2FE09000C6438 /* testShowVacanciesPageSubmoduleInteractor.m in Sources */,
			);
			runOnlyForDeploymentPostprocessing = 0;
		};
/* End PBXSourcesBuildPhase section */

/* Begin PBXTargetDependency section */
		60EB78C31DD70F630082775C /* PBXTargetDependency */ = {
			isa = PBXTargetDependency;
			target = 60EB78A41DD70F630082775C /* SuperJob */;
			targetProxy = 60EB78C21DD70F630082775C /* PBXContainerItemProxy */;
		};
/* End PBXTargetDependency section */

/* Begin PBXVariantGroup section */
		60EB78B11DD70F630082775C /* Main.storyboard */ = {
			isa = PBXVariantGroup;
			children = (
				60EB78B21DD70F630082775C /* Base */,
			);
			name = Main.storyboard;
			sourceTree = "<group>";
		};
		60EB78B91DD70F630082775C /* LaunchScreen.storyboard */ = {
			isa = PBXVariantGroup;
			children = (
				60EB78BA1DD70F630082775C /* Base */,
			);
			name = LaunchScreen.storyboard;
			sourceTree = "<group>";
		};
/* End PBXVariantGroup section */

/* Begin XCBuildConfiguration section */
		60EB78C81DD70F630082775C /* Debug */ = {
			isa = XCBuildConfiguration;
			buildSettings = {
				ALWAYS_SEARCH_USER_PATHS = NO;
				CLANG_ANALYZER_NONNULL = YES;
				CLANG_CXX_LANGUAGE_STANDARD = "gnu++0x";
				CLANG_CXX_LIBRARY = "libc++";
				CLANG_ENABLE_MODULES = YES;
				CLANG_ENABLE_OBJC_ARC = YES;
				CLANG_WARN_BOOL_CONVERSION = YES;
				CLANG_WARN_CONSTANT_CONVERSION = YES;
				CLANG_WARN_DIRECT_OBJC_ISA_USAGE = YES_ERROR;
				CLANG_WARN_DOCUMENTATION_COMMENTS = YES;
				CLANG_WARN_EMPTY_BODY = YES;
				CLANG_WARN_ENUM_CONVERSION = YES;
				CLANG_WARN_INFINITE_RECURSION = YES;
				CLANG_WARN_INT_CONVERSION = YES;
				CLANG_WARN_OBJC_ROOT_CLASS = YES_ERROR;
				CLANG_WARN_SUSPICIOUS_MOVES = YES;
				CLANG_WARN_UNREACHABLE_CODE = YES;
				CLANG_WARN__DUPLICATE_METHOD_MATCH = YES;
				"CODE_SIGN_IDENTITY[sdk=iphoneos*]" = "iPhone Developer";
				COPY_PHASE_STRIP = NO;
				DEBUG_INFORMATION_FORMAT = dwarf;
				ENABLE_STRICT_OBJC_MSGSEND = YES;
				ENABLE_TESTABILITY = YES;
				GCC_C_LANGUAGE_STANDARD = gnu99;
				GCC_DYNAMIC_NO_PIC = NO;
				GCC_NO_COMMON_BLOCKS = YES;
				GCC_OPTIMIZATION_LEVEL = 0;
				GCC_PREPROCESSOR_DEFINITIONS = (
					"DEBUG=1",
					"$(inherited)",
				);
				GCC_WARN_64_TO_32_BIT_CONVERSION = YES;
				GCC_WARN_ABOUT_RETURN_TYPE = YES_ERROR;
				GCC_WARN_UNDECLARED_SELECTOR = YES;
				GCC_WARN_UNINITIALIZED_AUTOS = YES_AGGRESSIVE;
				GCC_WARN_UNUSED_FUNCTION = YES;
				GCC_WARN_UNUSED_VARIABLE = YES;
				IPHONEOS_DEPLOYMENT_TARGET = 10.0;
				MTL_ENABLE_DEBUG_INFO = YES;
				ONLY_ACTIVE_ARCH = YES;
				SDKROOT = iphoneos;
				TARGETED_DEVICE_FAMILY = "1,2";
			};
			name = Debug;
		};
		60EB78C91DD70F630082775C /* Release */ = {
			isa = XCBuildConfiguration;
			buildSettings = {
				ALWAYS_SEARCH_USER_PATHS = NO;
				CLANG_ANALYZER_NONNULL = YES;
				CLANG_CXX_LANGUAGE_STANDARD = "gnu++0x";
				CLANG_CXX_LIBRARY = "libc++";
				CLANG_ENABLE_MODULES = YES;
				CLANG_ENABLE_OBJC_ARC = YES;
				CLANG_WARN_BOOL_CONVERSION = YES;
				CLANG_WARN_CONSTANT_CONVERSION = YES;
				CLANG_WARN_DIRECT_OBJC_ISA_USAGE = YES_ERROR;
				CLANG_WARN_DOCUMENTATION_COMMENTS = YES;
				CLANG_WARN_EMPTY_BODY = YES;
				CLANG_WARN_ENUM_CONVERSION = YES;
				CLANG_WARN_INFINITE_RECURSION = YES;
				CLANG_WARN_INT_CONVERSION = YES;
				CLANG_WARN_OBJC_ROOT_CLASS = YES_ERROR;
				CLANG_WARN_SUSPICIOUS_MOVES = YES;
				CLANG_WARN_UNREACHABLE_CODE = YES;
				CLANG_WARN__DUPLICATE_METHOD_MATCH = YES;
				"CODE_SIGN_IDENTITY[sdk=iphoneos*]" = "iPhone Developer";
				COPY_PHASE_STRIP = NO;
				DEBUG_INFORMATION_FORMAT = "dwarf-with-dsym";
				ENABLE_NS_ASSERTIONS = NO;
				ENABLE_STRICT_OBJC_MSGSEND = YES;
				GCC_C_LANGUAGE_STANDARD = gnu99;
				GCC_NO_COMMON_BLOCKS = YES;
				GCC_WARN_64_TO_32_BIT_CONVERSION = YES;
				GCC_WARN_ABOUT_RETURN_TYPE = YES_ERROR;
				GCC_WARN_UNDECLARED_SELECTOR = YES;
				GCC_WARN_UNINITIALIZED_AUTOS = YES_AGGRESSIVE;
				GCC_WARN_UNUSED_FUNCTION = YES;
				GCC_WARN_UNUSED_VARIABLE = YES;
				IPHONEOS_DEPLOYMENT_TARGET = 10.0;
				MTL_ENABLE_DEBUG_INFO = NO;
				SDKROOT = iphoneos;
				TARGETED_DEVICE_FAMILY = "1,2";
				VALIDATE_PRODUCT = YES;
			};
			name = Release;
		};
		60EB78CB1DD70F630082775C /* Debug */ = {
			isa = XCBuildConfiguration;
			buildSettings = {
				ASSETCATALOG_COMPILER_APPICON_NAME = AppIcon;
				DEVELOPMENT_TEAM = 6H2GQX47PU;
				INFOPLIST_FILE = SmirnovSuperJobTest/Info.plist;
				LD_RUNPATH_SEARCH_PATHS = "$(inherited) @executable_path/Frameworks";
				PRODUCT_BUNDLE_IDENTIFIER = superjob.test.SuperJob;
				PRODUCT_NAME = "$(TARGET_NAME)";
			};
			name = Debug;
		};
		60EB78CC1DD70F630082775C /* Release */ = {
			isa = XCBuildConfiguration;
			buildSettings = {
				ASSETCATALOG_COMPILER_APPICON_NAME = AppIcon;
				DEVELOPMENT_TEAM = 6H2GQX47PU;
				INFOPLIST_FILE = SmirnovSuperJobTest/Info.plist;
				LD_RUNPATH_SEARCH_PATHS = "$(inherited) @executable_path/Frameworks";
				PRODUCT_BUNDLE_IDENTIFIER = superjob.test.SuperJob;
				PRODUCT_NAME = "$(TARGET_NAME)";
			};
			name = Release;
		};
		60EB78CE1DD70F630082775C /* Debug */ = {
			isa = XCBuildConfiguration;
			buildSettings = {
				BUNDLE_LOADER = "$(TEST_HOST)";
				DEVELOPMENT_TEAM = 6H2GQX47PU;
				INFOPLIST_FILE = SmirnovSuperJobTestTests/Info.plist;
				LD_RUNPATH_SEARCH_PATHS = "$(inherited) @executable_path/Frameworks @loader_path/Frameworks";
				PRODUCT_BUNDLE_IDENTIFIER = superjob.test.SmirnovSuperJobTestTests;
				PRODUCT_NAME = "$(TARGET_NAME)";
				TEST_HOST = "$(BUILT_PRODUCTS_DIR)/SuperJob.app/SuperJob";
			};
			name = Debug;
		};
		60EB78CF1DD70F630082775C /* Release */ = {
			isa = XCBuildConfiguration;
			buildSettings = {
				BUNDLE_LOADER = "$(TEST_HOST)";
				DEVELOPMENT_TEAM = 6H2GQX47PU;
				INFOPLIST_FILE = SmirnovSuperJobTestTests/Info.plist;
				LD_RUNPATH_SEARCH_PATHS = "$(inherited) @executable_path/Frameworks @loader_path/Frameworks";
				PRODUCT_BUNDLE_IDENTIFIER = superjob.test.SmirnovSuperJobTestTests;
				PRODUCT_NAME = "$(TARGET_NAME)";
				TEST_HOST = "$(BUILT_PRODUCTS_DIR)/SuperJob.app/SuperJob";
			};
			name = Release;
		};
/* End XCBuildConfiguration section */

/* Begin XCConfigurationList section */
		60EB78A01DD70F630082775C /* Build configuration list for PBXProject "SuperJob" */ = {
			isa = XCConfigurationList;
			buildConfigurations = (
				60EB78C81DD70F630082775C /* Debug */,
				60EB78C91DD70F630082775C /* Release */,
			);
			defaultConfigurationIsVisible = 0;
			defaultConfigurationName = Release;
		};
		60EB78CA1DD70F630082775C /* Build configuration list for PBXNativeTarget "SuperJob" */ = {
			isa = XCConfigurationList;
			buildConfigurations = (
				60EB78CB1DD70F630082775C /* Debug */,
				60EB78CC1DD70F630082775C /* Release */,
			);
			defaultConfigurationIsVisible = 0;
			defaultConfigurationName = Release;
		};
		60EB78CD1DD70F630082775C /* Build configuration list for PBXNativeTarget "SuperJobTests" */ = {
			isa = XCConfigurationList;
			buildConfigurations = (
				60EB78CE1DD70F630082775C /* Debug */,
				60EB78CF1DD70F630082775C /* Release */,
			);
			defaultConfigurationIsVisible = 0;
			defaultConfigurationName = Release;
		};
/* End XCConfigurationList section */
	};
	rootObject = 60EB789D1DD70F630082775C /* Project object */;
}
